
Microsoft Visual Studio Solution File, Format Version 12.00
# Visual Studio Version 17
VisualStudioVersion = 17.5.33627.172
MinimumVisualStudioVersion = 10.0.40219.1
Project("{FAE04EC0-301F-11D3-BF4B-00C04F79EFBC}") = "ksp upgrade", "ksp upgrade.csproj", "{CCF66F6B-BD97-4005-AABF-3FC883B3450B}"
EndProject
Global
	GlobalSection(SolutionConfigurationPlatforms) = preSolution
		Debug|Any CPU = Debug|Any CPU
		Release|Any CPU = Release|Any CPU
	EndGlobalSection
	GlobalSection(ProjectConfigurationPlatforms) = postSolution
		{CCF66F6B-BD97-4005-AABF-3FC883B3450B}.Debug|Any CPU.ActiveCfg = Debug|Any CPU
		{CCF66F6B-BD97-4005-AABF-3FC883B3450B}.Debug|Any CPU.Build.0 = Debug|Any CPU
		{CCF66F6B-BD97-4005-AABF-3FC883B3450B}.Release|Any CPU.ActiveCfg = Release|Any CPU
		{CCF66F6B-BD97-4005-AABF-3FC883B3450B}.Release|Any CPU.Build.0 = Release|Any CPU
	EndGlobalSection
	GlobalSection(SolutionProperties) = preSolution
		HideSolutionNode = FALSE
	EndGlobalSection
	GlobalSection(ExtensibilityGlobals) = postSolution
		SolutionGuid = {4390908A-7FC9-4879-9D24-F7B4C4F65247}
	EndGlobalSection
EndGlobal
